
Microsoft Visual Studio Solution File, Format Version 12.00
# Visual Studio 15
VisualStudioVersion = 15.0.28307.572
MinimumVisualStudioVersion = 10.0.40219.1
Project("{FAE04EC0-301F-11D3-BF4B-00C04F79EFBC}") = "ASPWeb", "ASPWeb\ASPWeb.csproj", "{23494C76-11E3-47B4-9132-128EF38C5E2D}"
EndProject
Global
	GlobalSection(SolutionConfigurationPlatforms) = preSolution
		Debug|Any CPU = Debug|Any CPU
		Release|Any CPU = Release|Any CPU
	EndGlobalSection
	GlobalSection(ProjectConfigurationPlatforms) = postSolution
		{23494C76-11E3-47B4-9132-128EF38C5E2D}.Debug|Any CPU.ActiveCfg = Debug|Any CPU
		{23494C76-11E3-47B4-9132-128EF38C5E2D}.Debug|Any CPU.Build.0 = Debug|Any CPU
		{23494C76-11E3-47B4-9132-128EF38C5E2D}.Release|Any CPU.ActiveCfg = Release|Any CPU
		{23494C76-11E3-47B4-9132-128EF38C5E2D}.Release|Any CPU.Build.0 = Release|Any CPU
	EndGlobalSection
	GlobalSection(SolutionProperties) = preSolution
		HideSolutionNode = FALSE
	EndGlobalSection
	GlobalSection(ExtensibilityGlobals) = postSolution
		SolutionGuid = {15A0B25E-D5F0-4DAF-B834-92CB6CB35F2A}
	EndGlobalSection
EndGlobal
